
Microsoft Visual Studio Solution File, Format Version 12.00
# Visual Studio Version 17
VisualStudioVersion = 17.10.35027.167
MinimumVisualStudioVersion = 10.0.40219.1
Project("{2150E333-8FDC-42A3-9474-1A3956D46DE8}") = "Src", "Src", "{5BC8F8B7-F043-431E-8381-E0230DE94F1A}"
EndProject
Project("{2150E333-8FDC-42A3-9474-1A3956D46DE8}") = "Core", "Core", "{5BC3260E-8E1C-4C67-A5E9-A8B7EE1DB3A4}"
EndProject
Project("{2150E333-8FDC-42A3-9474-1A3956D46DE8}") = "Infraestructure", "Infraestructure", "{359B08C4-1CF2-44DA-900C-F6324A1D9EA7}"
EndProject
Project("{2150E333-8FDC-42A3-9474-1A3956D46DE8}") = "Presentation", "Presentation", "{3AF7B362-389C-4B22-B13E-6FA9BA109CC8}"
EndProject
Project("{9A19103F-16F7-4668-BE54-9A1E7A4F7556}") = "Application", "Application\Application.csproj", "{DA013CB6-9B54-4B87-B38C-C8DF0CF2D466}"
EndProject
Project("{9A19103F-16F7-4668-BE54-9A1E7A4F7556}") = "Domain", "Domain\Domain.csproj", "{AB322E14-B4E9-41C0-AFA1-96AFF02B51A4}"
EndProject
Project("{9A19103F-16F7-4668-BE54-9A1E7A4F7556}") = "Persistence", "Persistence\Persistence.csproj", "{A0040323-BEB5-4092-B673-73FC2BCBDA39}"
EndProject
Project("{9A19103F-16F7-4668-BE54-9A1E7A4F7556}") = "Shared", "Shared\Shared.csproj", "{7A53A3DC-AAF4-4E7C-B026-D0B6F3309E57}"
EndProject
Project("{9A19103F-16F7-4668-BE54-9A1E7A4F7556}") = "api", "api\api.csproj", "{67CF48BE-1299-4FDB-8D1E-9357457BDAAB}"
	ProjectSection(ProjectDependencies) = postProject
		{DA013CB6-9B54-4B87-B38C-C8DF0CF2D466} = {DA013CB6-9B54-4B87-B38C-C8DF0CF2D466}
	EndProjectSection
EndProject
Project("{FAE04EC0-301F-11D3-BF4B-00C04F79EFBC}") = "Identity", "Identity\Identity.csproj", "{3D1B1DDE-8ABF-4238-B6E8-B3667CC7AE89}"
EndProject
Global
	GlobalSection(SolutionConfigurationPlatforms) = preSolution
		Debug|Any CPU = Debug|Any CPU
		Release|Any CPU = Release|Any CPU
	EndGlobalSection
	GlobalSection(ProjectConfigurationPlatforms) = postSolution
		{DA013CB6-9B54-4B87-B38C-C8DF0CF2D466}.Debug|Any CPU.ActiveCfg = Debug|Any CPU
		{DA013CB6-9B54-4B87-B38C-C8DF0CF2D466}.Debug|Any CPU.Build.0 = Debug|Any CPU
		{DA013CB6-9B54-4B87-B38C-C8DF0CF2D466}.Release|Any CPU.ActiveCfg = Release|Any CPU
		{DA013CB6-9B54-4B87-B38C-C8DF0CF2D466}.Release|Any CPU.Build.0 = Release|Any CPU
		{AB322E14-B4E9-41C0-AFA1-96AFF02B51A4}.Debug|Any CPU.ActiveCfg = Debug|Any CPU
		{AB322E14-B4E9-41C0-AFA1-96AFF02B51A4}.Debug|Any CPU.Build.0 = Debug|Any CPU
		{AB322E14-B4E9-41C0-AFA1-96AFF02B51A4}.Release|Any CPU.ActiveCfg = Release|Any CPU
		{AB322E14-B4E9-41C0-AFA1-96AFF02B51A4}.Release|Any CPU.Build.0 = Release|Any CPU
		{A0040323-BEB5-4092-B673-73FC2BCBDA39}.Debug|Any CPU.ActiveCfg = Debug|Any CPU
		{A0040323-BEB5-4092-B673-73FC2BCBDA39}.Debug|Any CPU.Build.0 = Debug|Any CPU
		{A0040323-BEB5-4092-B673-73FC2BCBDA39}.Release|Any CPU.ActiveCfg = Release|Any CPU
		{A0040323-BEB5-4092-B673-73FC2BCBDA39}.Release|Any CPU.Build.0 = Release|Any CPU
		{7A53A3DC-AAF4-4E7C-B026-D0B6F3309E57}.Debug|Any CPU.ActiveCfg = Debug|Any CPU
		{7A53A3DC-AAF4-4E7C-B026-D0B6F3309E57}.Debug|Any CPU.Build.0 = Debug|Any CPU
		{7A53A3DC-AAF4-4E7C-B026-D0B6F3309E57}.Release|Any CPU.ActiveCfg = Release|Any CPU
		{7A53A3DC-AAF4-4E7C-B026-D0B6F3309E57}.Release|Any CPU.Build.0 = Release|Any CPU
		{67CF48BE-1299-4FDB-8D1E-9357457BDAAB}.Debug|Any CPU.ActiveCfg = Debug|Any CPU
		{67CF48BE-1299-4FDB-8D1E-9357457BDAAB}.Debug|Any CPU.Build.0 = Debug|Any CPU
		{67CF48BE-1299-4FDB-8D1E-9357457BDAAB}.Release|Any CPU.ActiveCfg = Release|Any CPU
		{67CF48BE-1299-4FDB-8D1E-9357457BDAAB}.Release|Any CPU.Build.0 = Release|Any CPU
		{3D1B1DDE-8ABF-4238-B6E8-B3667CC7AE89}.Debug|Any CPU.ActiveCfg = Debug|Any CPU
		{3D1B1DDE-8ABF-4238-B6E8-B3667CC7AE89}.Debug|Any CPU.Build.0 = Debug|Any CPU
		{3D1B1DDE-8ABF-4238-B6E8-B3667CC7AE89}.Release|Any CPU.ActiveCfg = Release|Any CPU
		{3D1B1DDE-8ABF-4238-B6E8-B3667CC7AE89}.Release|Any CPU.Build.0 = Release|Any CPU
	EndGlobalSection
	GlobalSection(SolutionProperties) = preSolution
		HideSolutionNode = FALSE
	EndGlobalSection
	GlobalSection(NestedProjects) = preSolution
		{5BC3260E-8E1C-4C67-A5E9-A8B7EE1DB3A4} = {5BC8F8B7-F043-431E-8381-E0230DE94F1A}
		{359B08C4-1CF2-44DA-900C-F6324A1D9EA7} = {5BC8F8B7-F043-431E-8381-E0230DE94F1A}
		{3AF7B362-389C-4B22-B13E-6FA9BA109CC8} = {5BC8F8B7-F043-431E-8381-E0230DE94F1A}
		{DA013CB6-9B54-4B87-B38C-C8DF0CF2D466} = {5BC3260E-8E1C-4C67-A5E9-A8B7EE1DB3A4}
		{AB322E14-B4E9-41C0-AFA1-96AFF02B51A4} = {5BC3260E-8E1C-4C67-A5E9-A8B7EE1DB3A4}
		{A0040323-BEB5-4092-B673-73FC2BCBDA39} = {359B08C4-1CF2-44DA-900C-F6324A1D9EA7}
		{7A53A3DC-AAF4-4E7C-B026-D0B6F3309E57} = {359B08C4-1CF2-44DA-900C-F6324A1D9EA7}
		{67CF48BE-1299-4FDB-8D1E-9357457BDAAB} = {3AF7B362-389C-4B22-B13E-6FA9BA109CC8}
		{3D1B1DDE-8ABF-4238-B6E8-B3667CC7AE89} = {359B08C4-1CF2-44DA-900C-F6324A1D9EA7}
	EndGlobalSection
	GlobalSection(ExtensibilityGlobals) = postSolution
		SolutionGuid = {ECF1FB89-EFAA-4469-8FB6-02F8E3EA045A}
	EndGlobalSection
EndGlobal
